
Microsoft Visual Studio Solution File, Format Version 12.00
# Visual Studio Version 17
VisualStudioVersion = 17.9.34902.65
MinimumVisualStudioVersion = 10.0.40219.1
Project("{FAE04EC0-301F-11D3-BF4B-00C04F79EFBC}") = "Gestion_Empleados", "Gestion_Empleados\Gestion_Empleados.csproj", "{3D548C11-6CD0-48F7-A180-6D9DF03FC977}"
EndProject
Global
	GlobalSection(SolutionConfigurationPlatforms) = preSolution
		Debug|Any CPU = Debug|Any CPU
		Release|Any CPU = Release|Any CPU
	EndGlobalSection
	GlobalSection(ProjectConfigurationPlatforms) = postSolution
		{3D548C11-6CD0-48F7-A180-6D9DF03FC977}.Debug|Any CPU.ActiveCfg = Debug|Any CPU
		{3D548C11-6CD0-48F7-A180-6D9DF03FC977}.Debug|Any CPU.Build.0 = Debug|Any CPU
		{3D548C11-6CD0-48F7-A180-6D9DF03FC977}.Release|Any CPU.ActiveCfg = Release|Any CPU
		{3D548C11-6CD0-48F7-A180-6D9DF03FC977}.Release|Any CPU.Build.0 = Release|Any CPU
	EndGlobalSection
	GlobalSection(SolutionProperties) = preSolution
		HideSolutionNode = FALSE
	EndGlobalSection
	GlobalSection(ExtensibilityGlobals) = postSolution
		SolutionGuid = {FE2E7BDD-99F3-4BF9-B612-CC48ABFA2BBA}
	EndGlobalSection
EndGlobal
