
Microsoft Visual Studio Solution File, Format Version 12.00
# Visual Studio Version 17
VisualStudioVersion = 17.9.34902.65
MinimumVisualStudioVersion = 10.0.40219.1
Project("{FAE04EC0-301F-11D3-BF4B-00C04F79EFBC}") = "Proyecto2", "Proyecto2\Proyecto2.csproj", "{6FD0E2EB-EDA7-4655-AE75-C858C9D4CB86}"
EndProject
Project("{2150E333-8FDC-42A3-9474-1A3956D46DE8}") = "Elementos de la solución", "Elementos de la solución", "{2E7104A0-31A9-4DA1-870D-013B28285DE1}"
EndProject
Global
	GlobalSection(SolutionConfigurationPlatforms) = preSolution
		Debug|Any CPU = Debug|Any CPU
		Release|Any CPU = Release|Any CPU
	EndGlobalSection
	GlobalSection(ProjectConfigurationPlatforms) = postSolution
		{6FD0E2EB-EDA7-4655-AE75-C858C9D4CB86}.Debug|Any CPU.ActiveCfg = Debug|Any CPU
		{6FD0E2EB-EDA7-4655-AE75-C858C9D4CB86}.Debug|Any CPU.Build.0 = Debug|Any CPU
		{6FD0E2EB-EDA7-4655-AE75-C858C9D4CB86}.Release|Any CPU.ActiveCfg = Release|Any CPU
		{6FD0E2EB-EDA7-4655-AE75-C858C9D4CB86}.Release|Any CPU.Build.0 = Release|Any CPU
	EndGlobalSection
	GlobalSection(SolutionProperties) = preSolution
		HideSolutionNode = FALSE
	EndGlobalSection
	GlobalSection(ExtensibilityGlobals) = postSolution
		SolutionGuid = {C508D117-7CE9-4DF8-8F32-B0A443EDC30D}
	EndGlobalSection
EndGlobal
